
Microsoft Visual Studio Solution File, Format Version 12.00
# Visual Studio 15
Project("{FAE04EC0-301F-11D3-BF4B-00C04F79EFBC}") = "DJcube", "Assembly-CSharp.csproj", "{A424EDA4-3BFF-0FF3-5982-D9B34C8A5A47}"
EndProject
Global
	GlobalSection(SolutionConfigurationPlatforms) = preSolution
		Debug|Any CPU = Debug|Any CPU
		Release|Any CPU = Release|Any CPU
	EndGlobalSection
	GlobalSection(ProjectConfigurationPlatforms) = postSolution
		{A424EDA4-3BFF-0FF3-5982-D9B34C8A5A47}.Debug|Any CPU.ActiveCfg = Debug|Any CPU
		{A424EDA4-3BFF-0FF3-5982-D9B34C8A5A47}.Debug|Any CPU.Build.0 = Debug|Any CPU
		{A424EDA4-3BFF-0FF3-5982-D9B34C8A5A47}.Release|Any CPU.ActiveCfg = Release|Any CPU
		{A424EDA4-3BFF-0FF3-5982-D9B34C8A5A47}.Release|Any CPU.Build.0 = Release|Any CPU
	EndGlobalSection
	GlobalSection(SolutionProperties) = preSolution
		HideSolutionNode = FALSE
	EndGlobalSection
EndGlobal
